
Microsoft Visual Studio Solution File, Format Version 12.00
# Visual Studio 15
VisualStudioVersion = 15.0.26730.16
MinimumVisualStudioVersion = 10.0.40219.1
Project("{8BC9CEB8-8B4A-11D0-8D11-00A0C91BC942}") = "Project17", "Project17\Project17.vcxproj", "{46A7C25C-0BEF-4D92-A279-24BC7C63A909}"
EndProject
Global
	GlobalSection(SolutionConfigurationPlatforms) = preSolution
		Debug|x64 = Debug|x64
		Debug|x86 = Debug|x86
		Release|x64 = Release|x64
		Release|x86 = Release|x86
	EndGlobalSection
	GlobalSection(ProjectConfigurationPlatforms) = postSolution
		{46A7C25C-0BEF-4D92-A279-24BC7C63A909}.Debug|x64.ActiveCfg = Debug|x64
		{46A7C25C-0BEF-4D92-A279-24BC7C63A909}.Debug|x64.Build.0 = Debug|x64
		{46A7C25C-0BEF-4D92-A279-24BC7C63A909}.Debug|x86.ActiveCfg = Debug|Win32
		{46A7C25C-0BEF-4D92-A279-24BC7C63A909}.Debug|x86.Build.0 = Debug|Win32
		{46A7C25C-0BEF-4D92-A279-24BC7C63A909}.Release|x64.ActiveCfg = Release|x64
		{46A7C25C-0BEF-4D92-A279-24BC7C63A909}.Release|x64.Build.0 = Release|x64
		{46A7C25C-0BEF-4D92-A279-24BC7C63A909}.Release|x86.ActiveCfg = Release|Win32
		{46A7C25C-0BEF-4D92-A279-24BC7C63A909}.Release|x86.Build.0 = Release|Win32
	EndGlobalSection
	GlobalSection(SolutionProperties) = preSolution
		HideSolutionNode = FALSE
	EndGlobalSection
	GlobalSection(ExtensibilityGlobals) = postSolution
		SolutionGuid = {B13BBCF9-7599-4FD9-93E8-0202CABBAC14}
	EndGlobalSection
EndGlobal
